// !$*UTF8*$!
{
	archiveVersion = 1;
	classes = {
	};
	objectVersion = 50;
	objects = {

/* Begin PBXBuildFile section */
		04270B68224590F7007ED903 /* HomeTableViewController.swift in Sources */ = {isa = PBXBuildFile; fileRef = 04270B67224590F7007ED903 /* HomeTableViewController.swift */; };
		04270B6A2245916C007ED903 /* MainNavigationController.swift in Sources */ = {isa = PBXBuildFile; fileRef = 04270B692245916C007ED903 /* MainNavigationController.swift */; };
		04270BA0224617FB007ED903 /* RegisterViewController.swift in Sources */ = {isa = PBXBuildFile; fileRef = 04270B9F224617FB007ED903 /* RegisterViewController.swift */; };
		04270BAF22474513007ED903 /* ShoppingCart+CoreDataClass.swift in Sources */ = {isa = PBXBuildFile; fileRef = 04270BA122474513007ED903 /* ShoppingCart+CoreDataClass.swift */; };
		04270BB022474513007ED903 /* ShoppingCart+CoreDataProperties.swift in Sources */ = {isa = PBXBuildFile; fileRef = 04270BA222474513007ED903 /* ShoppingCart+CoreDataProperties.swift */; };
		04270BB122474513007ED903 /* Products+CoreDataClass.swift in Sources */ = {isa = PBXBuildFile; fileRef = 04270BA322474513007ED903 /* Products+CoreDataClass.swift */; };
		04270BB222474513007ED903 /* Products+CoreDataProperties.swift in Sources */ = {isa = PBXBuildFile; fileRef = 04270BA422474513007ED903 /* Products+CoreDataProperties.swift */; };
		04270BB322474513007ED903 /* Customer+CoreDataClass.swift in Sources */ = {isa = PBXBuildFile; fileRef = 04270BA522474513007ED903 /* Customer+CoreDataClass.swift */; };
		04270BB422474513007ED903 /* Customer+CoreDataProperties.swift in Sources */ = {isa = PBXBuildFile; fileRef = 04270BA622474513007ED903 /* Customer+CoreDataProperties.swift */; };
		04270BB522474513007ED903 /* User+CoreDataClass.swift in Sources */ = {isa = PBXBuildFile; fileRef = 04270BA722474513007ED903 /* User+CoreDataClass.swift */; };
		04270BB622474513007ED903 /* User+CoreDataProperties.swift in Sources */ = {isa = PBXBuildFile; fileRef = 04270BA822474513007ED903 /* User+CoreDataProperties.swift */; };
		04270BB722474513007ED903 /* OrderDetails+CoreDataClass.swift in Sources */ = {isa = PBXBuildFile; fileRef = 04270BA922474513007ED903 /* OrderDetails+CoreDataClass.swift */; };
		04270BB822474513007ED903 /* OrderDetails+CoreDataProperties.swift in Sources */ = {isa = PBXBuildFile; fileRef = 04270BAA22474513007ED903 /* OrderDetails+CoreDataProperties.swift */; };
		04270BB922474513007ED903 /* ShippingInfo+CoreDataClass.swift in Sources */ = {isa = PBXBuildFile; fileRef = 04270BAB22474513007ED903 /* ShippingInfo+CoreDataClass.swift */; };
		04270BBA22474513007ED903 /* ShippingInfo+CoreDataProperties.swift in Sources */ = {isa = PBXBuildFile; fileRef = 04270BAC22474513007ED903 /* ShippingInfo+CoreDataProperties.swift */; };
		04270BBB22474513007ED903 /* Orders+CoreDataClass.swift in Sources */ = {isa = PBXBuildFile; fileRef = 04270BAD22474513007ED903 /* Orders+CoreDataClass.swift */; };
		04270BBC22474513007ED903 /* Orders+CoreDataProperties.swift in Sources */ = {isa = PBXBuildFile; fileRef = 04270BAE22474513007ED903 /* Orders+CoreDataProperties.swift */; };
		048FA8B8223A2A3300BAEDCF /* AppDelegate.swift in Sources */ = {isa = PBXBuildFile; fileRef = 048FA8B7223A2A3300BAEDCF /* AppDelegate.swift */; };
		048FA8BA223A2A3300BAEDCF /* LoginViewController.swift in Sources */ = {isa = PBXBuildFile; fileRef = 048FA8B9223A2A3300BAEDCF /* LoginViewController.swift */; };
		048FA8BD223A2A3300BAEDCF /* Main.storyboard in Resources */ = {isa = PBXBuildFile; fileRef = 048FA8BB223A2A3300BAEDCF /* Main.storyboard */; };
		048FA8BF223A2A3500BAEDCF /* Assets.xcassets in Resources */ = {isa = PBXBuildFile; fileRef = 048FA8BE223A2A3500BAEDCF /* Assets.xcassets */; };
		048FA8C2223A2A3500BAEDCF /* LaunchScreen.storyboard in Resources */ = {isa = PBXBuildFile; fileRef = 048FA8C0223A2A3500BAEDCF /* LaunchScreen.storyboard */; };
		048FA8CB223A490700BAEDCF /* SpecialButton.swift in Sources */ = {isa = PBXBuildFile; fileRef = 048FA8CA223A490700BAEDCF /* SpecialButton.swift */; };
		048FA8CD223A4A4200BAEDCF /* SpecialTextField.swift in Sources */ = {isa = PBXBuildFile; fileRef = 048FA8CC223A4A4200BAEDCF /* SpecialTextField.swift */; };
		D836B9B022459882007DE33C /* Group2_W2019_MAD3115_FP.xcdatamodeld in Sources */ = {isa = PBXBuildFile; fileRef = D836B9AE22459881007DE33C /* Group2_W2019_MAD3115_FP.xcdatamodeld */; };
		D836B9E32245C4FE007DE33C /* ProductsViewController.swift in Sources */ = {isa = PBXBuildFile; fileRef = D836B9E22245C4FE007DE33C /* ProductsViewController.swift */; };
		D8AFADCC2245C9D3000A8054 /* ProductsTableViewCell.swift in Sources */ = {isa = PBXBuildFile; fileRef = D8AFADCB2245C9D3000A8054 /* ProductsTableViewCell.swift */; };
		D8AFADCE224667D4000A8054 /* ShoppingCartViewController.swift in Sources */ = {isa = PBXBuildFile; fileRef = D8AFADCD224667D4000A8054 /* ShoppingCartViewController.swift */; };
		D8AFADD022466B29000A8054 /* ShoppingCartTableViewCell.swift in Sources */ = {isa = PBXBuildFile; fileRef = D8AFADCF22466B29000A8054 /* ShoppingCartTableViewCell.swift */; };
		D8AFADD222468376000A8054 /* CheckoutViewController.swift in Sources */ = {isa = PBXBuildFile; fileRef = D8AFADD122468376000A8054 /* CheckoutViewController.swift */; };
/* End PBXBuildFile section */

/* Begin PBXFileReference section */
		04270B67224590F7007ED903 /* HomeTableViewController.swift */ = {isa = PBXFileReference; lastKnownFileType = sourcecode.swift; path = HomeTableViewController.swift; sourceTree = "<group>"; };
		04270B692245916C007ED903 /* MainNavigationController.swift */ = {isa = PBXFileReference; lastKnownFileType = sourcecode.swift; path = MainNavigationController.swift; sourceTree = "<group>"; };
		04270B9F224617FB007ED903 /* RegisterViewController.swift */ = {isa = PBXFileReference; lastKnownFileType = sourcecode.swift; path = RegisterViewController.swift; sourceTree = "<group>"; };
		04270BA122474513007ED903 /* ShoppingCart+CoreDataClass.swift */ = {isa = PBXFileReference; lastKnownFileType = sourcecode.swift; path = "ShoppingCart+CoreDataClass.swift"; sourceTree = "<group>"; };
		04270BA222474513007ED903 /* ShoppingCart+CoreDataProperties.swift */ = {isa = PBXFileReference; lastKnownFileType = sourcecode.swift; path = "ShoppingCart+CoreDataProperties.swift"; sourceTree = "<group>"; };
		04270BA322474513007ED903 /* Products+CoreDataClass.swift */ = {isa = PBXFileReference; lastKnownFileType = sourcecode.swift; path = "Products+CoreDataClass.swift"; sourceTree = "<group>"; };
		04270BA422474513007ED903 /* Products+CoreDataProperties.swift */ = {isa = PBXFileReference; lastKnownFileType = sourcecode.swift; path = "Products+CoreDataProperties.swift"; sourceTree = "<group>"; };
		04270BA522474513007ED903 /* Customer+CoreDataClass.swift */ = {isa = PBXFileReference; lastKnownFileType = sourcecode.swift; path = "Customer+CoreDataClass.swift"; sourceTree = "<group>"; };
		04270BA622474513007ED903 /* Customer+CoreDataProperties.swift */ = {isa = PBXFileReference; lastKnownFileType = sourcecode.swift; path = "Customer+CoreDataProperties.swift"; sourceTree = "<group>"; };
		04270BA722474513007ED903 /* User+CoreDataClass.swift */ = {isa = PBXFileReference; lastKnownFileType = sourcecode.swift; path = "User+CoreDataClass.swift"; sourceTree = "<group>"; };
		04270BA822474513007ED903 /* User+CoreDataProperties.swift */ = {isa = PBXFileReference; lastKnownFileType = sourcecode.swift; path = "User+CoreDataProperties.swift"; sourceTree = "<group>"; };
		04270BA922474513007ED903 /* OrderDetails+CoreDataClass.swift */ = {isa = PBXFileReference; lastKnownFileType = sourcecode.swift; path = "OrderDetails+CoreDataClass.swift"; sourceTree = "<group>"; };
		04270BAA22474513007ED903 /* OrderDetails+CoreDataProperties.swift */ = {isa = PBXFileReference; lastKnownFileType = sourcecode.swift; path = "OrderDetails+CoreDataProperties.swift"; sourceTree = "<group>"; };
		04270BAB22474513007ED903 /* ShippingInfo+CoreDataClass.swift */ = {isa = PBXFileReference; lastKnownFileType = sourcecode.swift; path = "ShippingInfo+CoreDataClass.swift"; sourceTree = "<group>"; };
		04270BAC22474513007ED903 /* ShippingInfo+CoreDataProperties.swift */ = {isa = PBXFileReference; lastKnownFileType = sourcecode.swift; path = "ShippingInfo+CoreDataProperties.swift"; sourceTree = "<group>"; };
		04270BAD22474513007ED903 /* Orders+CoreDataClass.swift */ = {isa = PBXFileReference; lastKnownFileType = sourcecode.swift; path = "Orders+CoreDataClass.swift"; sourceTree = "<group>"; };
		04270BAE22474513007ED903 /* Orders+CoreDataProperties.swift */ = {isa = PBXFileReference; lastKnownFileType = sourcecode.swift; path = "Orders+CoreDataProperties.swift"; sourceTree = "<group>"; };
		048FA8B4223A2A3300BAEDCF /* Group2_W2019_MAD3115_FP.app */ = {isa = PBXFileReference; explicitFileType = wrapper.application; includeInIndex = 0; path = Group2_W2019_MAD3115_FP.app; sourceTree = BUILT_PRODUCTS_DIR; };
		048FA8B7223A2A3300BAEDCF /* AppDelegate.swift */ = {isa = PBXFileReference; lastKnownFileType = sourcecode.swift; path = AppDelegate.swift; sourceTree = "<group>"; };
		048FA8B9223A2A3300BAEDCF /* LoginViewController.swift */ = {isa = PBXFileReference; lastKnownFileType = sourcecode.swift; path = LoginViewController.swift; sourceTree = "<group>"; };
		048FA8BC223A2A3300BAEDCF /* Base */ = {isa = PBXFileReference; lastKnownFileType = file.storyboard; name = Base; path = Base.lproj/Main.storyboard; sourceTree = "<group>"; };
		048FA8BE223A2A3500BAEDCF /* Assets.xcassets */ = {isa = PBXFileReference; lastKnownFileType = folder.assetcatalog; path = Assets.xcassets; sourceTree = "<group>"; };
		048FA8C1223A2A3500BAEDCF /* Base */ = {isa = PBXFileReference; lastKnownFileType = file.storyboard; name = Base; path = Base.lproj/LaunchScreen.storyboard; sourceTree = "<group>"; };
		048FA8C3223A2A3500BAEDCF /* Info.plist */ = {isa = PBXFileReference; lastKnownFileType = text.plist.xml; path = Info.plist; sourceTree = "<group>"; };
		048FA8CA223A490700BAEDCF /* SpecialButton.swift */ = {isa = PBXFileReference; lastKnownFileType = sourcecode.swift; path = SpecialButton.swift; sourceTree = "<group>"; };
		048FA8CC223A4A4200BAEDCF /* SpecialTextField.swift */ = {isa = PBXFileReference; lastKnownFileType = sourcecode.swift; path = SpecialTextField.swift; sourceTree = "<group>"; };
		D836B9AF22459881007DE33C /* Group2_W2019_MAD3115_FP.xcdatamodel */ = {isa = PBXFileReference; lastKnownFileType = wrapper.xcdatamodel; path = Group2_W2019_MAD3115_FP.xcdatamodel; sourceTree = "<group>"; };
		D836B9E22245C4FE007DE33C /* ProductsViewController.swift */ = {isa = PBXFileReference; lastKnownFileType = sourcecode.swift; path = ProductsViewController.swift; sourceTree = "<group>"; };
		D8AFADCB2245C9D3000A8054 /* ProductsTableViewCell.swift */ = {isa = PBXFileReference; lastKnownFileType = sourcecode.swift; path = ProductsTableViewCell.swift; sourceTree = "<group>"; };
		D8AFADCD224667D4000A8054 /* ShoppingCartViewController.swift */ = {isa = PBXFileReference; lastKnownFileType = sourcecode.swift; path = ShoppingCartViewController.swift; sourceTree = "<group>"; };
		D8AFADCF22466B29000A8054 /* ShoppingCartTableViewCell.swift */ = {isa = PBXFileReference; lastKnownFileType = sourcecode.swift; path = ShoppingCartTableViewCell.swift; sourceTree = "<group>"; };
		D8AFADD122468376000A8054 /* CheckoutViewController.swift */ = {isa = PBXFileReference; lastKnownFileType = sourcecode.swift; path = CheckoutViewController.swift; sourceTree = "<group>"; };
/* End PBXFileReference section */

/* Begin PBXFrameworksBuildPhase section */
		048FA8B1223A2A3300BAEDCF /* Frameworks */ = {
			isa = PBXFrameworksBuildPhase;
			buildActionMask = 2147483647;
			files = (
			);
			runOnlyForDeploymentPostprocessing = 0;
		};
/* End PBXFrameworksBuildPhase section */

/* Begin PBXGroup section */
		047D0B2E22458DC90067EE0B /* Models */ = {
			isa = PBXGroup;
			children = (
				04270BA122474513007ED903 /* ShoppingCart+CoreDataClass.swift */,
				04270BA222474513007ED903 /* ShoppingCart+CoreDataProperties.swift */,
				04270BA322474513007ED903 /* Products+CoreDataClass.swift */,
				04270BA422474513007ED903 /* Products+CoreDataProperties.swift */,
				04270BA522474513007ED903 /* Customer+CoreDataClass.swift */,
				04270BA622474513007ED903 /* Customer+CoreDataProperties.swift */,
				04270BA722474513007ED903 /* User+CoreDataClass.swift */,
				04270BA822474513007ED903 /* User+CoreDataProperties.swift */,
				04270BA922474513007ED903 /* OrderDetails+CoreDataClass.swift */,
				04270BAA22474513007ED903 /* OrderDetails+CoreDataProperties.swift */,
				04270BAB22474513007ED903 /* ShippingInfo+CoreDataClass.swift */,
				04270BAC22474513007ED903 /* ShippingInfo+CoreDataProperties.swift */,
				04270BAD22474513007ED903 /* Orders+CoreDataClass.swift */,
				04270BAE22474513007ED903 /* Orders+CoreDataProperties.swift */,
				D836B9AE22459881007DE33C /* Group2_W2019_MAD3115_FP.xcdatamodeld */,
			);
			path = Models;
			sourceTree = "<group>";
		};
		048FA8AB223A2A3300BAEDCF = {
			isa = PBXGroup;
			children = (
				048FA8B6223A2A3300BAEDCF /* Group2_W2019_MAD3115_FP */,
				048FA8C9223A484900BAEDCF /* Views */,
				048FA8B5223A2A3300BAEDCF /* Products */,
			);
			sourceTree = "<group>";
		};
		048FA8B5223A2A3300BAEDCF /* Products */ = {
			isa = PBXGroup;
			children = (
				048FA8B4223A2A3300BAEDCF /* Group2_W2019_MAD3115_FP.app */,
			);
			name = Products;
			sourceTree = "<group>";
		};
		048FA8B6223A2A3300BAEDCF /* Group2_W2019_MAD3115_FP */ = {
			isa = PBXGroup;
			children = (
				047D0B2E22458DC90067EE0B /* Models */,
				D836B9A822444A8E007DE33C /* Controllers */,
				048FA8B7223A2A3300BAEDCF /* AppDelegate.swift */,
				048FA8BB223A2A3300BAEDCF /* Main.storyboard */,
				048FA8BE223A2A3500BAEDCF /* Assets.xcassets */,
				048FA8C0223A2A3500BAEDCF /* LaunchScreen.storyboard */,
				048FA8C3223A2A3500BAEDCF /* Info.plist */,
			);
			path = Group2_W2019_MAD3115_FP;
			sourceTree = "<group>";
		};
		048FA8C9223A484900BAEDCF /* Views */ = {
			isa = PBXGroup;
			children = (
				048FA8CA223A490700BAEDCF /* SpecialButton.swift */,
				048FA8CC223A4A4200BAEDCF /* SpecialTextField.swift */,
				D8AFADCB2245C9D3000A8054 /* ProductsTableViewCell.swift */,
				D8AFADCF22466B29000A8054 /* ShoppingCartTableViewCell.swift */,
			);
			path = Views;
			sourceTree = "<group>";
		};
		D836B9A822444A8E007DE33C /* Controllers */ = {
			isa = PBXGroup;
			children = (
				048FA8B9223A2A3300BAEDCF /* LoginViewController.swift */,
				04270B67224590F7007ED903 /* HomeTableViewController.swift */,
				04270B692245916C007ED903 /* MainNavigationController.swift */,
				D836B9E22245C4FE007DE33C /* ProductsViewController.swift */,
				04270B9F224617FB007ED903 /* RegisterViewController.swift */,
				D8AFADCD224667D4000A8054 /* ShoppingCartViewController.swift */,
				D8AFADD122468376000A8054 /* CheckoutViewController.swift */,
			);
			path = Controllers;
			sourceTree = "<group>";
		};
/* End PBXGroup section */

/* Begin PBXNativeTarget section */
		048FA8B3223A2A3300BAEDCF /* Group2_W2019_MAD3115_FP */ = {
			isa = PBXNativeTarget;
			buildConfigurationList = 048FA8C6223A2A3500BAEDCF /* Build configuration list for PBXNativeTarget "Group2_W2019_MAD3115_FP" */;
			buildPhases = (
				048FA8B0223A2A3300BAEDCF /* Sources */,
				048FA8B1223A2A3300BAEDCF /* Frameworks */,
				048FA8B2223A2A3300BAEDCF /* Resources */,
			);
			buildRules = (
			);
			dependencies = (
			);
			name = Group2_W2019_MAD3115_FP;
			productName = Group2_W2019_MAD3115_FP;
			productReference = 048FA8B4223A2A3300BAEDCF /* Group2_W2019_MAD3115_FP.app */;
			productType = "com.apple.product-type.application";
		};
/* End PBXNativeTarget section */

/* Begin PBXProject section */
		048FA8AC223A2A3300BAEDCF /* Project object */ = {
			isa = PBXProject;
			attributes = {
				LastSwiftUpdateCheck = 1010;
				LastUpgradeCheck = 1010;
				ORGANIZATIONNAME = "Lambton College";
				TargetAttributes = {
					048FA8B3223A2A3300BAEDCF = {
						CreatedOnToolsVersion = 10.1;
					};
				};
			};
			buildConfigurationList = 048FA8AF223A2A3300BAEDCF /* Build configuration list for PBXProject "Group2_W2019_MAD3115_FP" */;
			compatibilityVersion = "Xcode 9.3";
			developmentRegion = en;
			hasScannedForEncodings = 0;
			knownRegions = (
				en,
				Base,
			);
			mainGroup = 048FA8AB223A2A3300BAEDCF;
			productRefGroup = 048FA8B5223A2A3300BAEDCF /* Products */;
			projectDirPath = "";
			projectRoot = "";
			targets = (
				048FA8B3223A2A3300BAEDCF /* Group2_W2019_MAD3115_FP */,
			);
		};
/* End PBXProject section */

/* Begin PBXResourcesBuildPhase section */
		048FA8B2223A2A3300BAEDCF /* Resources */ = {
			isa = PBXResourcesBuildPhase;
			buildActionMask = 2147483647;
			files = (
				048FA8C2223A2A3500BAEDCF /* LaunchScreen.storyboard in Resources */,
				048FA8BF223A2A3500BAEDCF /* Assets.xcassets in Resources */,
				048FA8BD223A2A3300BAEDCF /* Main.storyboard in Resources */,
			);
			runOnlyForDeploymentPostprocessing = 0;
		};
/* End PBXResourcesBuildPhase section */

/* Begin PBXSourcesBuildPhase section */
		048FA8B0223A2A3300BAEDCF /* Sources */ = {
			isa = PBXSourcesBuildPhase;
			buildActionMask = 2147483647;
			files = (
				04270B68224590F7007ED903 /* HomeTableViewController.swift in Sources */,
				04270BB222474513007ED903 /* Products+CoreDataProperties.swift in Sources */,
				04270BBC22474513007ED903 /* Orders+CoreDataProperties.swift in Sources */,
				04270BBB22474513007ED903 /* Orders+CoreDataClass.swift in Sources */,
				04270BB922474513007ED903 /* ShippingInfo+CoreDataClass.swift in Sources */,
				04270BBA22474513007ED903 /* ShippingInfo+CoreDataProperties.swift in Sources */,
				04270BB022474513007ED903 /* ShoppingCart+CoreDataProperties.swift in Sources */,
				04270BB322474513007ED903 /* Customer+CoreDataClass.swift in Sources */,
				D8AFADD222468376000A8054 /* CheckoutViewController.swift in Sources */,
				04270BA0224617FB007ED903 /* RegisterViewController.swift in Sources */,
				048FA8BA223A2A3300BAEDCF /* LoginViewController.swift in Sources */,
				D8AFADD022466B29000A8054 /* ShoppingCartTableViewCell.swift in Sources */,
				D836B9E32245C4FE007DE33C /* ProductsViewController.swift in Sources */,
				04270BB422474513007ED903 /* Customer+CoreDataProperties.swift in Sources */,
				D8AFADCC2245C9D3000A8054 /* ProductsTableViewCell.swift in Sources */,
				048FA8CB223A490700BAEDCF /* SpecialButton.swift in Sources */,
				04270B6A2245916C007ED903 /* MainNavigationController.swift in Sources */,
				D836B9B022459882007DE33C /* Group2_W2019_MAD3115_FP.xcdatamodeld in Sources */,
				04270BB522474513007ED903 /* User+CoreDataClass.swift in Sources */,
				04270BAF22474513007ED903 /* ShoppingCart+CoreDataClass.swift in Sources */,
				048FA8B8223A2A3300BAEDCF /* AppDelegate.swift in Sources */,
				04270BB622474513007ED903 /* User+CoreDataProperties.swift in Sources */,
				04270BB722474513007ED903 /* OrderDetails+CoreDataClass.swift in Sources */,
				D8AFADCE224667D4000A8054 /* ShoppingCartViewController.swift in Sources */,
				04270BB822474513007ED903 /* OrderDetails+CoreDataProperties.swift in Sources */,
				048FA8CD223A4A4200BAEDCF /* SpecialTextField.swift in Sources */,
				04270BB122474513007ED903 /* Products+CoreDataClass.swift in Sources */,
			);
			runOnlyForDeploymentPostprocessing = 0;
		};
/* End PBXSourcesBuildPhase section */

/* Begin PBXVariantGroup section */
		048FA8BB223A2A3300BAEDCF /* Main.storyboard */ = {
			isa = PBXVariantGroup;
			children = (
				048FA8BC223A2A3300BAEDCF /* Base */,
			);
			name = Main.storyboard;
			sourceTree = "<group>";
		};
		048FA8C0223A2A3500BAEDCF /* LaunchScreen.storyboard */ = {
			isa = PBXVariantGroup;
			children = (
				048FA8C1223A2A3500BAEDCF /* Base */,
			);
			name = LaunchScreen.storyboard;
			sourceTree = "<group>";
		};
/* End PBXVariantGroup section */

/* Begin XCBuildConfiguration section */
		048FA8C4223A2A3500BAEDCF /* Debug */ = {
			isa = XCBuildConfiguration;
			buildSettings = {
				ALWAYS_SEARCH_USER_PATHS = NO;
				CLANG_ANALYZER_NONNULL = YES;
				CLANG_ANALYZER_NUMBER_OBJECT_CONVERSION = YES_AGGRESSIVE;
				CLANG_CXX_LANGUAGE_STANDARD = "gnu++14";
				CLANG_CXX_LIBRARY = "libc++";
				CLANG_ENABLE_MODULES = YES;
				CLANG_ENABLE_OBJC_ARC = YES;
				CLANG_ENABLE_OBJC_WEAK = YES;
				CLANG_WARN_BLOCK_CAPTURE_AUTORELEASING = YES;
				CLANG_WARN_BOOL_CONVERSION = YES;
				CLANG_WARN_COMMA = YES;
				CLANG_WARN_CONSTANT_CONVERSION = YES;
				CLANG_WARN_DEPRECATED_OBJC_IMPLEMENTATIONS = YES;
				CLANG_WARN_DIRECT_OBJC_ISA_USAGE = YES_ERROR;
				CLANG_WARN_DOCUMENTATION_COMMENTS = YES;
				CLANG_WARN_EMPTY_BODY = YES;
				CLANG_WARN_ENUM_CONVERSION = YES;
				CLANG_WARN_INFINITE_RECURSION = YES;
				CLANG_WARN_INT_CONVERSION = YES;
				CLANG_WARN_NON_LITERAL_NULL_CONVERSION = YES;
				CLANG_WARN_OBJC_IMPLICIT_RETAIN_SELF = YES;
				CLANG_WARN_OBJC_LITERAL_CONVERSION = YES;
				CLANG_WARN_OBJC_ROOT_CLASS = YES_ERROR;
				CLANG_WARN_RANGE_LOOP_ANALYSIS = YES;
				CLANG_WARN_STRICT_PROTOTYPES = YES;
				CLANG_WARN_SUSPICIOUS_MOVE = YES;
				CLANG_WARN_UNGUARDED_AVAILABILITY = YES_AGGRESSIVE;
				CLANG_WARN_UNREACHABLE_CODE = YES;
				CLANG_WARN__DUPLICATE_METHOD_MATCH = YES;
				CODE_SIGN_IDENTITY = "iPhone Developer";
				COPY_PHASE_STRIP = NO;
				DEBUG_INFORMATION_FORMAT = dwarf;
				ENABLE_STRICT_OBJC_MSGSEND = YES;
				ENABLE_TESTABILITY = YES;
				GCC_C_LANGUAGE_STANDARD = gnu11;
				GCC_DYNAMIC_NO_PIC = NO;
				GCC_NO_COMMON_BLOCKS = YES;
				GCC_OPTIMIZATION_LEVEL = 0;
				GCC_PREPROCESSOR_DEFINITIONS = (
					"DEBUG=1",
					"$(inherited)",
				);
				GCC_WARN_64_TO_32_BIT_CONVERSION = YES;
				GCC_WARN_ABOUT_RETURN_TYPE = YES_ERROR;
				GCC_WARN_UNDECLARED_SELECTOR = YES;
				GCC_WARN_UNINITIALIZED_AUTOS = YES_AGGRESSIVE;
				GCC_WARN_UNUSED_FUNCTION = YES;
				GCC_WARN_UNUSED_VARIABLE = YES;
				IPHONEOS_DEPLOYMENT_TARGET = 12.1;
				MTL_ENABLE_DEBUG_INFO = INCLUDE_SOURCE;
				MTL_FAST_MATH = YES;
				ONLY_ACTIVE_ARCH = YES;
				SDKROOT = iphoneos;
				SWIFT_ACTIVE_COMPILATION_CONDITIONS = DEBUG;
				SWIFT_OPTIMIZATION_LEVEL = "-Onone";
			};
			name = Debug;
		};
		048FA8C5223A2A3500BAEDCF /* Release */ = {
			isa = XCBuildConfiguration;
			buildSettings = {
				ALWAYS_SEARCH_USER_PATHS = NO;
				CLANG_ANALYZER_NONNULL = YES;
				CLANG_ANALYZER_NUMBER_OBJECT_CONVERSION = YES_AGGRESSIVE;
				CLANG_CXX_LANGUAGE_STANDARD = "gnu++14";
				CLANG_CXX_LIBRARY = "libc++";
				CLANG_ENABLE_MODULES = YES;
				CLANG_ENABLE_OBJC_ARC = YES;
				CLANG_ENABLE_OBJC_WEAK = YES;
				CLANG_WARN_BLOCK_CAPTURE_AUTORELEASING = YES;
				CLANG_WARN_BOOL_CONVERSION = YES;
				CLANG_WARN_COMMA = YES;
				CLANG_WARN_CONSTANT_CONVERSION = YES;
				CLANG_WARN_DEPRECATED_OBJC_IMPLEMENTATIONS = YES;
				CLANG_WARN_DIRECT_OBJC_ISA_USAGE = YES_ERROR;
				CLANG_WARN_DOCUMENTATION_COMMENTS = YES;
				CLANG_WARN_EMPTY_BODY = YES;
				CLANG_WARN_ENUM_CONVERSION = YES;
				CLANG_WARN_INFINITE_RECURSION = YES;
				CLANG_WARN_INT_CONVERSION = YES;
				CLANG_WARN_NON_LITERAL_NULL_CONVERSION = YES;
				CLANG_WARN_OBJC_IMPLICIT_RETAIN_SELF = YES;
				CLANG_WARN_OBJC_LITERAL_CONVERSION = YES;
				CLANG_WARN_OBJC_ROOT_CLASS = YES_ERROR;
				CLANG_WARN_RANGE_LOOP_ANALYSIS = YES;
				CLANG_WARN_STRICT_PROTOTYPES = YES;
				CLANG_WARN_SUSPICIOUS_MOVE = YES;
				CLANG_WARN_UNGUARDED_AVAILABILITY = YES_AGGRESSIVE;
				CLANG_WARN_UNREACHABLE_CODE = YES;
				CLANG_WARN__DUPLICATE_METHOD_MATCH = YES;
				CODE_SIGN_IDENTITY = "iPhone Developer";
				COPY_PHASE_STRIP = NO;
				DEBUG_INFORMATION_FORMAT = "dwarf-with-dsym";
				ENABLE_NS_ASSERTIONS = NO;
				ENABLE_STRICT_OBJC_MSGSEND = YES;
				GCC_C_LANGUAGE_STANDARD = gnu11;
				GCC_NO_COMMON_BLOCKS = YES;
				GCC_WARN_64_TO_32_BIT_CONVERSION = YES;
				GCC_WARN_ABOUT_RETURN_TYPE = YES_ERROR;
				GCC_WARN_UNDECLARED_SELECTOR = YES;
				GCC_WARN_UNINITIALIZED_AUTOS = YES_AGGRESSIVE;
				GCC_WARN_UNUSED_FUNCTION = YES;
				GCC_WARN_UNUSED_VARIABLE = YES;
				IPHONEOS_DEPLOYMENT_TARGET = 12.1;
				MTL_ENABLE_DEBUG_INFO = NO;
				MTL_FAST_MATH = YES;
				SDKROOT = iphoneos;
				SWIFT_COMPILATION_MODE = wholemodule;
				SWIFT_OPTIMIZATION_LEVEL = "-O";
				VALIDATE_PRODUCT = YES;
			};
			name = Release;
		};
		048FA8C7223A2A3500BAEDCF /* Debug */ = {
			isa = XCBuildConfiguration;
			buildSettings = {
				ASSETCATALOG_COMPILER_APPICON_NAME = AppIcon;
				CODE_SIGN_IDENTITY = "iPhone Developer";
				CODE_SIGN_STYLE = Automatic;
				DEVELOPMENT_TEAM = UXR768RJ2F;
				INFOPLIST_FILE = Group2_W2019_MAD3115_FP/Info.plist;
				LD_RUNPATH_SEARCH_PATHS = (
					"$(inherited)",
					"@executable_path/Frameworks",
				);
				PRODUCT_BUNDLE_IDENTIFIER = "com.lambton.Group2-W2019-MAD3115-FP";
				PRODUCT_NAME = "$(TARGET_NAME)";
				PROVISIONING_PROFILE_SPECIFIER = "";
				SWIFT_VERSION = 4.2;
				TARGETED_DEVICE_FAMILY = "1,2";
			};
			name = Debug;
		};
		048FA8C8223A2A3500BAEDCF /* Release */ = {
			isa = XCBuildConfiguration;
			buildSettings = {
				ASSETCATALOG_COMPILER_APPICON_NAME = AppIcon;
				CODE_SIGN_IDENTITY = "iPhone Developer";
				CODE_SIGN_STYLE = Automatic;
				DEVELOPMENT_TEAM = UXR768RJ2F;
				INFOPLIST_FILE = Group2_W2019_MAD3115_FP/Info.plist;
				LD_RUNPATH_SEARCH_PATHS = (
					"$(inherited)",
					"@executable_path/Frameworks",
				);
				PRODUCT_BUNDLE_IDENTIFIER = "com.lambton.Group2-W2019-MAD3115-FP";
				PRODUCT_NAME = "$(TARGET_NAME)";
				PROVISIONING_PROFILE_SPECIFIER = "";
				SWIFT_VERSION = 4.2;
				TARGETED_DEVICE_FAMILY = "1,2";
			};
			name = Release;
		};
/* End XCBuildConfiguration section */

/* Begin XCConfigurationList section */
		048FA8AF223A2A3300BAEDCF /* Build configuration list for PBXProject "Group2_W2019_MAD3115_FP" */ = {
			isa = XCConfigurationList;
			buildConfigurations = (
				048FA8C4223A2A3500BAEDCF /* Debug */,
				048FA8C5223A2A3500BAEDCF /* Release */,
			);
			defaultConfigurationIsVisible = 0;
			defaultConfigurationName = Release;
		};
		048FA8C6223A2A3500BAEDCF /* Build configuration list for PBXNativeTarget "Group2_W2019_MAD3115_FP" */ = {
			isa = XCConfigurationList;
			buildConfigurations = (
				048FA8C7223A2A3500BAEDCF /* Debug */,
				048FA8C8223A2A3500BAEDCF /* Release */,
			);
			defaultConfigurationIsVisible = 0;
			defaultConfigurationName = Release;
		};
/* End XCConfigurationList section */

/* Begin XCVersionGroup section */
		D836B9AE22459881007DE33C /* Group2_W2019_MAD3115_FP.xcdatamodeld */ = {
			isa = XCVersionGroup;
			children = (
				D836B9AF22459881007DE33C /* Group2_W2019_MAD3115_FP.xcdatamodel */,
			);
			currentVersion = D836B9AF22459881007DE33C /* Group2_W2019_MAD3115_FP.xcdatamodel */;
			path = Group2_W2019_MAD3115_FP.xcdatamodeld;
			sourceTree = "<group>";
			versionGroupType = wrapper.xcdatamodel;
		};
/* End XCVersionGroup section */
	};
	rootObject = 048FA8AC223A2A3300BAEDCF /* Project object */;
}
