// !$*UTF8*$!
{
	archiveVersion = 1;
	classes = {
	};
	objectVersion = 50;
	objects = {

/* Begin PBXBuildFile section */
		048FA8B8223A2A3300BAEDCF /* AppDelegate.swift in Sources */ = {isa = PBXBuildFile; fileRef = 048FA8B7223A2A3300BAEDCF /* AppDelegate.swift */; };
		048FA8BA223A2A3300BAEDCF /* ViewController.swift in Sources */ = {isa = PBXBuildFile; fileRef = 048FA8B9223A2A3300BAEDCF /* ViewController.swift */; };
		048FA8BD223A2A3300BAEDCF /* Main.storyboard in Resources */ = {isa = PBXBuildFile; fileRef = 048FA8BB223A2A3300BAEDCF /* Main.storyboard */; };
		048FA8BF223A2A3500BAEDCF /* Assets.xcassets in Resources */ = {isa = PBXBuildFile; fileRef = 048FA8BE223A2A3500BAEDCF /* Assets.xcassets */; };
		048FA8C2223A2A3500BAEDCF /* LaunchScreen.storyboard in Resources */ = {isa = PBXBuildFile; fileRef = 048FA8C0223A2A3500BAEDCF /* LaunchScreen.storyboard */; };
/* End PBXBuildFile section */

/* Begin PBXFileReference section */
		048FA8B4223A2A3300BAEDCF /* Group2_W2019_MAD3115_FP.app */ = {isa = PBXFileReference; explicitFileType = wrapper.application; includeInIndex = 0; path = Group2_W2019_MAD3115_FP.app; sourceTree = BUILT_PRODUCTS_DIR; };
		048FA8B7223A2A3300BAEDCF /* AppDelegate.swift */ = {isa = PBXFileReference; lastKnownFileType = sourcecode.swift; path = AppDelegate.swift; sourceTree = "<group>"; };
		048FA8B9223A2A3300BAEDCF /* ViewController.swift */ = {isa = PBXFileReference; lastKnownFileType = sourcecode.swift; path = ViewController.swift; sourceTree = "<group>"; };
		048FA8BC223A2A3300BAEDCF /* Base */ = {isa = PBXFileReference; lastKnownFileType = file.storyboard; name = Base; path = Base.lproj/Main.storyboard; sourceTree = "<group>"; };
		048FA8BE223A2A3500BAEDCF /* Assets.xcassets */ = {isa = PBXFileReference; lastKnownFileType = folder.assetcatalog; path = Assets.xcassets; sourceTree = "<group>"; };
		048FA8C1223A2A3500BAEDCF /* Base */ = {isa = PBXFileReference; lastKnownFileType = file.storyboard; name = Base; path = Base.lproj/LaunchScreen.storyboard; sourceTree = "<group>"; };
		048FA8C3223A2A3500BAEDCF /* Info.plist */ = {isa = PBXFileReference; lastKnownFileType = text.plist.xml; path = Info.plist; sourceTree = "<group>"; };
/* End PBXFileReference section */

/* Begin PBXFrameworksBuildPhase section */
		048FA8B1223A2A3300BAEDCF /* Frameworks */ = {
			isa = PBXFrameworksBuildPhase;
			buildActionMask = 2147483647;
			files = (
			);
			runOnlyForDeploymentPostprocessing = 0;
		};
/* End PBXFrameworksBuildPhase section */

/* Begin PBXGroup section */
		048FA8AB223A2A3300BAEDCF = {
			isa = PBXGroup;
			children = (
				048FA8B6223A2A3300BAEDCF /* Group2_W2019_MAD3115_FP */,
				048FA8B5223A2A3300BAEDCF /* Products */,
			);
			sourceTree = "<group>";
		};
		048FA8B5223A2A3300BAEDCF /* Products */ = {
			isa = PBXGroup;
			children = (
				048FA8B4223A2A3300BAEDCF /* Group2_W2019_MAD3115_FP.app */,
			);
			name = Products;
			sourceTree = "<group>";
		};
		048FA8B6223A2A3300BAEDCF /* Group2_W2019_MAD3115_FP */ = {
			isa = PBXGroup;
			children = (
				048FA8B7223A2A3300BAEDCF /* AppDelegate.swift */,
				048FA8B9223A2A3300BAEDCF /* ViewController.swift */,
				048FA8BB223A2A3300BAEDCF /* Main.storyboard */,
				048FA8BE223A2A3500BAEDCF /* Assets.xcassets */,
				048FA8C0223A2A3500BAEDCF /* LaunchScreen.storyboard */,
				048FA8C3223A2A3500BAEDCF /* Info.plist */,
			);
			path = Group2_W2019_MAD3115_FP;
			sourceTree = "<group>";
		};
/* End PBXGroup section */

/* Begin PBXNativeTarget section */
		048FA8B3223A2A3300BAEDCF /* Group2_W2019_MAD3115_FP */ = {
			isa = PBXNativeTarget;
			buildConfigurationList = 048FA8C6223A2A3500BAEDCF /* Build configuration list for PBXNativeTarget "Group2_W2019_MAD3115_FP" */;
			buildPhases = (
				048FA8B0223A2A3300BAEDCF /* Sources */,
				048FA8B1223A2A3300BAEDCF /* Frameworks */,
				048FA8B2223A2A3300BAEDCF /* Resources */,
			);
			buildRules = (
			);
			dependencies = (
			);
			name = Group2_W2019_MAD3115_FP;
			productName = Group2_W2019_MAD3115_FP;
			productReference = 048FA8B4223A2A3300BAEDCF /* Group2_W2019_MAD3115_FP.app */;
			productType = "com.apple.product-type.application";
		};
/* End PBXNativeTarget section */

/* Begin PBXProject section */
		048FA8AC223A2A3300BAEDCF /* Project object */ = {
			isa = PBXProject;
			attributes = {
				LastSwiftUpdateCheck = 1010;
				LastUpgradeCheck = 1010;
				ORGANIZATIONNAME = "Lambton College";
				TargetAttributes = {
					048FA8B3223A2A3300BAEDCF = {
						CreatedOnToolsVersion = 10.1;
					};
				};
			};
			buildConfigurationList = 048FA8AF223A2A3300BAEDCF /* Build configuration list for PBXProject "Group2_W2019_MAD3115_FP" */;
			compatibilityVersion = "Xcode 9.3";
			developmentRegion = en;
			hasScannedForEncodings = 0;
			knownRegions = (
				en,
				Base,
			);
			mainGroup = 048FA8AB223A2A3300BAEDCF;
			productRefGroup = 048FA8B5223A2A3300BAEDCF /* Products */;
			projectDirPath = "";
			projectRoot = "";
			targets = (
				048FA8B3223A2A3300BAEDCF /* Group2_W2019_MAD3115_FP */,
			);
		};
/* End PBXProject section */

/* Begin PBXResourcesBuildPhase section */
		048FA8B2223A2A3300BAEDCF /* Resources */ = {
			isa = PBXResourcesBuildPhase;
			buildActionMask = 2147483647;
			files = (
				048FA8C2223A2A3500BAEDCF /* LaunchScreen.storyboard in Resources */,
				048FA8BF223A2A3500BAEDCF /* Assets.xcassets in Resources */,
				048FA8BD223A2A3300BAEDCF /* Main.storyboard in Resources */,
			);
			runOnlyForDeploymentPostprocessing = 0;
		};
/* End PBXResourcesBuildPhase section */

/* Begin PBXSourcesBuildPhase section */
		048FA8B0223A2A3300BAEDCF /* Sources */ = {
			isa = PBXSourcesBuildPhase;
			buildActionMask = 2147483647;
			files = (
				048FA8BA223A2A3300BAEDCF /* ViewController.swift in Sources */,
				048FA8B8223A2A3300BAEDCF /* AppDelegate.swift in Sources */,
			);
			runOnlyForDeploymentPostprocessing = 0;
		};
/* End PBXSourcesBuildPhase section */

/* Begin PBXVariantGroup section */
		048FA8BB223A2A3300BAEDCF /* Main.storyboard */ = {
			isa = PBXVariantGroup;
			children = (
				048FA8BC223A2A3300BAEDCF /* Base */,
			);
			name = Main.storyboard;
			sourceTree = "<group>";
		};
		048FA8C0223A2A3500BAEDCF /* LaunchScreen.storyboard */ = {
			isa = PBXVariantGroup;
			children = (
				048FA8C1223A2A3500BAEDCF /* Base */,
			);
			name = LaunchScreen.storyboard;
			sourceTree = "<group>";
		};
/* End PBXVariantGroup section */

/* Begin XCBuildConfiguration section */
		048FA8C4223A2A3500BAEDCF /* Debug */ = {
			isa = XCBuildConfiguration;
			buildSettings = {
				ALWAYS_SEARCH_USER_PATHS = NO;
				CLANG_ANALYZER_NONNULL = YES;
				CLANG_ANALYZER_NUMBER_OBJECT_CONVERSION = YES_AGGRESSIVE;
				CLANG_CXX_LANGUAGE_STANDARD = "gnu++14";
				CLANG_CXX_LIBRARY = "libc++";
				CLANG_ENABLE_MODULES = YES;
				CLANG_ENABLE_OBJC_ARC = YES;
				CLANG_ENABLE_OBJC_WEAK = YES;
				CLANG_WARN_BLOCK_CAPTURE_AUTORELEASING = YES;
				CLANG_WARN_BOOL_CONVERSION = YES;
				CLANG_WARN_COMMA = YES;
				CLANG_WARN_CONSTANT_CONVERSION = YES;
				CLANG_WARN_DEPRECATED_OBJC_IMPLEMENTATIONS = YES;
				CLANG_WARN_DIRECT_OBJC_ISA_USAGE = YES_ERROR;
				CLANG_WARN_DOCUMENTATION_COMMENTS = YES;
				CLANG_WARN_EMPTY_BODY = YES;
				CLANG_WARN_ENUM_CONVERSION = YES;
				CLANG_WARN_INFINITE_RECURSION = YES;
				CLANG_WARN_INT_CONVERSION = YES;
				CLANG_WARN_NON_LITERAL_NULL_CONVERSION = YES;
				CLANG_WARN_OBJC_IMPLICIT_RETAIN_SELF = YES;
				CLANG_WARN_OBJC_LITERAL_CONVERSION = YES;
				CLANG_WARN_OBJC_ROOT_CLASS = YES_ERROR;
				CLANG_WARN_RANGE_LOOP_ANALYSIS = YES;
				CLANG_WARN_STRICT_PROTOTYPES = YES;
				CLANG_WARN_SUSPICIOUS_MOVE = YES;
				CLANG_WARN_UNGUARDED_AVAILABILITY = YES_AGGRESSIVE;
				CLANG_WARN_UNREACHABLE_CODE = YES;
				CLANG_WARN__DUPLICATE_METHOD_MATCH = YES;
				CODE_SIGN_IDENTITY = "iPhone Developer";
				COPY_PHASE_STRIP = NO;
				DEBUG_INFORMATION_FORMAT = dwarf;
				ENABLE_STRICT_OBJC_MSGSEND = YES;
				ENABLE_TESTABILITY = YES;
				GCC_C_LANGUAGE_STANDARD = gnu11;
				GCC_DYNAMIC_NO_PIC = NO;
				GCC_NO_COMMON_BLOCKS = YES;
				GCC_OPTIMIZATION_LEVEL = 0;
				GCC_PREPROCESSOR_DEFINITIONS = (
					"DEBUG=1",
					"$(inherited)",
				);
				GCC_WARN_64_TO_32_BIT_CONVERSION = YES;
				GCC_WARN_ABOUT_RETURN_TYPE = YES_ERROR;
				GCC_WARN_UNDECLARED_SELECTOR = YES;
				GCC_WARN_UNINITIALIZED_AUTOS = YES_AGGRESSIVE;
				GCC_WARN_UNUSED_FUNCTION = YES;
				GCC_WARN_UNUSED_VARIABLE = YES;
				IPHONEOS_DEPLOYMENT_TARGET = 12.1;
				MTL_ENABLE_DEBUG_INFO = INCLUDE_SOURCE;
				MTL_FAST_MATH = YES;
				ONLY_ACTIVE_ARCH = YES;
				SDKROOT = iphoneos;
				SWIFT_ACTIVE_COMPILATION_CONDITIONS = DEBUG;
				SWIFT_OPTIMIZATION_LEVEL = "-Onone";
			};
			name = Debug;
		};
		048FA8C5223A2A3500BAEDCF /* Release */ = {
			isa = XCBuildConfiguration;
			buildSettings = {
				ALWAYS_SEARCH_USER_PATHS = NO;
				CLANG_ANALYZER_NONNULL = YES;
				CLANG_ANALYZER_NUMBER_OBJECT_CONVERSION = YES_AGGRESSIVE;
				CLANG_CXX_LANGUAGE_STANDARD = "gnu++14";
				CLANG_CXX_LIBRARY = "libc++";
				CLANG_ENABLE_MODULES = YES;
				CLANG_ENABLE_OBJC_ARC = YES;
				CLANG_ENABLE_OBJC_WEAK = YES;
				CLANG_WARN_BLOCK_CAPTURE_AUTORELEASING = YES;
				CLANG_WARN_BOOL_CONVERSION = YES;
				CLANG_WARN_COMMA = YES;
				CLANG_WARN_CONSTANT_CONVERSION = YES;
				CLANG_WARN_DEPRECATED_OBJC_IMPLEMENTATIONS = YES;
				CLANG_WARN_DIRECT_OBJC_ISA_USAGE = YES_ERROR;
				CLANG_WARN_DOCUMENTATION_COMMENTS = YES;
				CLANG_WARN_EMPTY_BODY = YES;
				CLANG_WARN_ENUM_CONVERSION = YES;
				CLANG_WARN_INFINITE_RECURSION = YES;
				CLANG_WARN_INT_CONVERSION = YES;
				CLANG_WARN_NON_LITERAL_NULL_CONVERSION = YES;
				CLANG_WARN_OBJC_IMPLICIT_RETAIN_SELF = YES;
				CLANG_WARN_OBJC_LITERAL_CONVERSION = YES;
				CLANG_WARN_OBJC_ROOT_CLASS = YES_ERROR;
				CLANG_WARN_RANGE_LOOP_ANALYSIS = YES;
				CLANG_WARN_STRICT_PROTOTYPES = YES;
				CLANG_WARN_SUSPICIOUS_MOVE = YES;
				CLANG_WARN_UNGUARDED_AVAILABILITY = YES_AGGRESSIVE;
				CLANG_WARN_UNREACHABLE_CODE = YES;
				CLANG_WARN__DUPLICATE_METHOD_MATCH = YES;
				CODE_SIGN_IDENTITY = "iPhone Developer";
				COPY_PHASE_STRIP = NO;
				DEBUG_INFORMATION_FORMAT = "dwarf-with-dsym";
				ENABLE_NS_ASSERTIONS = NO;
				ENABLE_STRICT_OBJC_MSGSEND = YES;
				GCC_C_LANGUAGE_STANDARD = gnu11;
				GCC_NO_COMMON_BLOCKS = YES;
				GCC_WARN_64_TO_32_BIT_CONVERSION = YES;
				GCC_WARN_ABOUT_RETURN_TYPE = YES_ERROR;
				GCC_WARN_UNDECLARED_SELECTOR = YES;
				GCC_WARN_UNINITIALIZED_AUTOS = YES_AGGRESSIVE;
				GCC_WARN_UNUSED_FUNCTION = YES;
				GCC_WARN_UNUSED_VARIABLE = YES;
				IPHONEOS_DEPLOYMENT_TARGET = 12.1;
				MTL_ENABLE_DEBUG_INFO = NO;
				MTL_FAST_MATH = YES;
				SDKROOT = iphoneos;
				SWIFT_COMPILATION_MODE = wholemodule;
				SWIFT_OPTIMIZATION_LEVEL = "-O";
				VALIDATE_PRODUCT = YES;
			};
			name = Release;
		};
		048FA8C7223A2A3500BAEDCF /* Debug */ = {
			isa = XCBuildConfiguration;
			buildSettings = {
				ASSETCATALOG_COMPILER_APPICON_NAME = AppIcon;
				CODE_SIGN_STYLE = Automatic;
				DEVELOPMENT_TEAM = UXR768RJ2F;
				INFOPLIST_FILE = Group2_W2019_MAD3115_FP/Info.plist;
				LD_RUNPATH_SEARCH_PATHS = (
					"$(inherited)",
					"@executable_path/Frameworks",
				);
				PRODUCT_BUNDLE_IDENTIFIER = "com.lambton.Group2-W2019-MAD3115-FP";
				PRODUCT_NAME = "$(TARGET_NAME)";
				SWIFT_VERSION = 4.2;
				TARGETED_DEVICE_FAMILY = "1,2";
			};
			name = Debug;
		};
		048FA8C8223A2A3500BAEDCF /* Release */ = {
			isa = XCBuildConfiguration;
			buildSettings = {
				ASSETCATALOG_COMPILER_APPICON_NAME = AppIcon;
				CODE_SIGN_STYLE = Automatic;
				DEVELOPMENT_TEAM = UXR768RJ2F;
				INFOPLIST_FILE = Group2_W2019_MAD3115_FP/Info.plist;
				LD_RUNPATH_SEARCH_PATHS = (
					"$(inherited)",
					"@executable_path/Frameworks",
				);
				PRODUCT_BUNDLE_IDENTIFIER = "com.lambton.Group2-W2019-MAD3115-FP";
				PRODUCT_NAME = "$(TARGET_NAME)";
				SWIFT_VERSION = 4.2;
				TARGETED_DEVICE_FAMILY = "1,2";
			};
			name = Release;
		};
/* End XCBuildConfiguration section */

/* Begin XCConfigurationList section */
		048FA8AF223A2A3300BAEDCF /* Build configuration list for PBXProject "Group2_W2019_MAD3115_FP" */ = {
			isa = XCConfigurationList;
			buildConfigurations = (
				048FA8C4223A2A3500BAEDCF /* Debug */,
				048FA8C5223A2A3500BAEDCF /* Release */,
			);
			defaultConfigurationIsVisible = 0;
			defaultConfigurationName = Release;
		};
		048FA8C6223A2A3500BAEDCF /* Build configuration list for PBXNativeTarget "Group2_W2019_MAD3115_FP" */ = {
			isa = XCConfigurationList;
			buildConfigurations = (
				048FA8C7223A2A3500BAEDCF /* Debug */,
				048FA8C8223A2A3500BAEDCF /* Release */,
			);
			defaultConfigurationIsVisible = 0;
			defaultConfigurationName = Release;
		};
/* End XCConfigurationList section */
	};
	rootObject = 048FA8AC223A2A3300BAEDCF /* Project object */;
}
